// !$*UTF8*$!
{
	archiveVersion = 1;
	classes = {
	};
	objectVersion = 51;
	objects = {

/* Begin PBXBuildFile section */
		305E2774F49A087024768A08 /* Pods_FintooAppTests.framework in Frameworks */ = {isa = PBXBuildFile; fileRef = 71D8EC3122F82C1D83318FB0 /* Pods_FintooAppTests.framework */; };
		496143CA25F7B345008725F0 /* AppDelegate.swift in Sources */ = {isa = PBXBuildFile; fileRef = 496143C925F7B345008725F0 /* AppDelegate.swift */; };
		496143CC25F7B345008725F0 /* SceneDelegate.swift in Sources */ = {isa = PBXBuildFile; fileRef = 496143CB25F7B345008725F0 /* SceneDelegate.swift */; };
		496143D325F7B349008725F0 /* Assets.xcassets in Resources */ = {isa = PBXBuildFile; fileRef = 496143D225F7B349008725F0 /* Assets.xcassets */; };
		496143D625F7B349008725F0 /* LaunchScreen.storyboard in Resources */ = {isa = PBXBuildFile; fileRef = 496143D425F7B349008725F0 /* LaunchScreen.storyboard */; };
		496143E125F7B349008725F0 /* FintooAppTests.swift in Sources */ = {isa = PBXBuildFile; fileRef = 496143E025F7B349008725F0 /* FintooAppTests.swift */; };
		496143EC25F7B349008725F0 /* FintooAppUITests.swift in Sources */ = {isa = PBXBuildFile; fileRef = 496143EB25F7B349008725F0 /* FintooAppUITests.swift */; };
		4961441425F7B6C3008725F0 /* Main.storyboard in Resources */ = {isa = PBXBuildFile; fileRef = 4961441325F7B6C3008725F0 /* Main.storyboard */; };
		4961443625F7C97D008725F0 /* DashboardVC.swift in Sources */ = {isa = PBXBuildFile; fileRef = 4961443525F7C97D008725F0 /* DashboardVC.swift */; };
		4961443E25F7CA48008725F0 /* CustomTabBarVC.swift in Sources */ = {isa = PBXBuildFile; fileRef = 4961443D25F7CA48008725F0 /* CustomTabBarVC.swift */; };
		4961444A25F7CACA008725F0 /* SettingVC.swift in Sources */ = {isa = PBXBuildFile; fileRef = 4961444925F7CACA008725F0 /* SettingVC.swift */; };
		4961444F25F7CAD6008725F0 /* ProfileVC.swift in Sources */ = {isa = PBXBuildFile; fileRef = 4961444E25F7CAD6008725F0 /* ProfileVC.swift */; };
		72598382F41E59823E50DF02 /* Pods_FintooApp.framework in Frameworks */ = {isa = PBXBuildFile; fileRef = E398119EDE4480D41D93A4D7 /* Pods_FintooApp.framework */; };
		B86FBA9587CA249AA0346D83 /* Pods_FintooApp_FintooAppUITests.framework in Frameworks */ = {isa = PBXBuildFile; fileRef = EB2FB158AD982A82CB30EE40 /* Pods_FintooApp_FintooAppUITests.framework */; };
/* End PBXBuildFile section */

/* Begin PBXContainerItemProxy section */
		496143DD25F7B349008725F0 /* PBXContainerItemProxy */ = {
			isa = PBXContainerItemProxy;
			containerPortal = 496143BE25F7B345008725F0 /* Project object */;
			proxyType = 1;
			remoteGlobalIDString = 496143C525F7B345008725F0;
			remoteInfo = FintooApp;
		};
		496143E825F7B349008725F0 /* PBXContainerItemProxy */ = {
			isa = PBXContainerItemProxy;
			containerPortal = 496143BE25F7B345008725F0 /* Project object */;
			proxyType = 1;
			remoteGlobalIDString = 496143C525F7B345008725F0;
			remoteInfo = FintooApp;
		};
/* End PBXContainerItemProxy section */

/* Begin PBXFileReference section */
		1F6A748F0EE46EC91E441C60 /* Pods-FintooApp-FintooAppUITests.debug.xcconfig */ = {isa = PBXFileReference; includeInIndex = 1; lastKnownFileType = text.xcconfig; name = "Pods-FintooApp-FintooAppUITests.debug.xcconfig"; path = "Target Support Files/Pods-FintooApp-FintooAppUITests/Pods-FintooApp-FintooAppUITests.debug.xcconfig"; sourceTree = "<group>"; };
		1FB82D0B37E411DBA4E8780D /* Pods-FintooApp-FintooAppUITests.release.xcconfig */ = {isa = PBXFileReference; includeInIndex = 1; lastKnownFileType = text.xcconfig; name = "Pods-FintooApp-FintooAppUITests.release.xcconfig"; path = "Target Support Files/Pods-FintooApp-FintooAppUITests/Pods-FintooApp-FintooAppUITests.release.xcconfig"; sourceTree = "<group>"; };
		3A3F344761F7D9F1B7B095C0 /* Pods-FintooAppTests.debug.xcconfig */ = {isa = PBXFileReference; includeInIndex = 1; lastKnownFileType = text.xcconfig; name = "Pods-FintooAppTests.debug.xcconfig"; path = "Target Support Files/Pods-FintooAppTests/Pods-FintooAppTests.debug.xcconfig"; sourceTree = "<group>"; };
		496143C625F7B345008725F0 /* FintooApp.app */ = {isa = PBXFileReference; explicitFileType = wrapper.application; includeInIndex = 0; path = FintooApp.app; sourceTree = BUILT_PRODUCTS_DIR; };
		496143C925F7B345008725F0 /* AppDelegate.swift */ = {isa = PBXFileReference; lastKnownFileType = sourcecode.swift; path = AppDelegate.swift; sourceTree = "<group>"; };
		496143CB25F7B345008725F0 /* SceneDelegate.swift */ = {isa = PBXFileReference; lastKnownFileType = sourcecode.swift; path = SceneDelegate.swift; sourceTree = "<group>"; };
		496143D225F7B349008725F0 /* Assets.xcassets */ = {isa = PBXFileReference; lastKnownFileType = folder.assetcatalog; path = Assets.xcassets; sourceTree = "<group>"; };
		496143D525F7B349008725F0 /* Base */ = {isa = PBXFileReference; lastKnownFileType = file.storyboard; name = Base; path = Base.lproj/LaunchScreen.storyboard; sourceTree = "<group>"; };
		496143D725F7B349008725F0 /* Info.plist */ = {isa = PBXFileReference; lastKnownFileType = text.plist.xml; path = Info.plist; sourceTree = "<group>"; };
		496143DC25F7B349008725F0 /* FintooAppTests.xctest */ = {isa = PBXFileReference; explicitFileType = wrapper.cfbundle; includeInIndex = 0; path = FintooAppTests.xctest; sourceTree = BUILT_PRODUCTS_DIR; };
		496143E025F7B349008725F0 /* FintooAppTests.swift */ = {isa = PBXFileReference; lastKnownFileType = sourcecode.swift; path = FintooAppTests.swift; sourceTree = "<group>"; };
		496143E225F7B349008725F0 /* Info.plist */ = {isa = PBXFileReference; lastKnownFileType = text.plist.xml; path = Info.plist; sourceTree = "<group>"; };
		496143E725F7B349008725F0 /* FintooAppUITests.xctest */ = {isa = PBXFileReference; explicitFileType = wrapper.cfbundle; includeInIndex = 0; path = FintooAppUITests.xctest; sourceTree = BUILT_PRODUCTS_DIR; };
		496143EB25F7B349008725F0 /* FintooAppUITests.swift */ = {isa = PBXFileReference; lastKnownFileType = sourcecode.swift; path = FintooAppUITests.swift; sourceTree = "<group>"; };
		496143ED25F7B349008725F0 /* Info.plist */ = {isa = PBXFileReference; lastKnownFileType = text.plist.xml; path = Info.plist; sourceTree = "<group>"; };
		4961441325F7B6C3008725F0 /* Main.storyboard */ = {isa = PBXFileReference; fileEncoding = 4; lastKnownFileType = file.storyboard; path = Main.storyboard; sourceTree = "<group>"; };
		4961443525F7C97D008725F0 /* DashboardVC.swift */ = {isa = PBXFileReference; lastKnownFileType = sourcecode.swift; path = DashboardVC.swift; sourceTree = "<group>"; };
		4961443D25F7CA48008725F0 /* CustomTabBarVC.swift */ = {isa = PBXFileReference; lastKnownFileType = sourcecode.swift; path = CustomTabBarVC.swift; sourceTree = "<group>"; };
		4961444925F7CACA008725F0 /* SettingVC.swift */ = {isa = PBXFileReference; lastKnownFileType = sourcecode.swift; path = SettingVC.swift; sourceTree = "<group>"; };
		4961444E25F7CAD6008725F0 /* ProfileVC.swift */ = {isa = PBXFileReference; lastKnownFileType = sourcecode.swift; path = ProfileVC.swift; sourceTree = "<group>"; };
		52E41356E0AD95AED5B17728 /* Pods-FintooAppTests.release.xcconfig */ = {isa = PBXFileReference; includeInIndex = 1; lastKnownFileType = text.xcconfig; name = "Pods-FintooAppTests.release.xcconfig"; path = "Target Support Files/Pods-FintooAppTests/Pods-FintooAppTests.release.xcconfig"; sourceTree = "<group>"; };
		71D8EC3122F82C1D83318FB0 /* Pods_FintooAppTests.framework */ = {isa = PBXFileReference; explicitFileType = wrapper.framework; includeInIndex = 0; path = Pods_FintooAppTests.framework; sourceTree = BUILT_PRODUCTS_DIR; };
		A1BA2EE30E02D4617E0B7449 /* Pods-FintooApp.debug.xcconfig */ = {isa = PBXFileReference; includeInIndex = 1; lastKnownFileType = text.xcconfig; name = "Pods-FintooApp.debug.xcconfig"; path = "Target Support Files/Pods-FintooApp/Pods-FintooApp.debug.xcconfig"; sourceTree = "<group>"; };
		D9926310D35112E0B16E7348 /* Pods-FintooApp.release.xcconfig */ = {isa = PBXFileReference; includeInIndex = 1; lastKnownFileType = text.xcconfig; name = "Pods-FintooApp.release.xcconfig"; path = "Target Support Files/Pods-FintooApp/Pods-FintooApp.release.xcconfig"; sourceTree = "<group>"; };
		E398119EDE4480D41D93A4D7 /* Pods_FintooApp.framework */ = {isa = PBXFileReference; explicitFileType = wrapper.framework; includeInIndex = 0; path = Pods_FintooApp.framework; sourceTree = BUILT_PRODUCTS_DIR; };
		EB2FB158AD982A82CB30EE40 /* Pods_FintooApp_FintooAppUITests.framework */ = {isa = PBXFileReference; explicitFileType = wrapper.framework; includeInIndex = 0; path = Pods_FintooApp_FintooAppUITests.framework; sourceTree = BUILT_PRODUCTS_DIR; };
/* End PBXFileReference section */

/* Begin PBXFrameworksBuildPhase section */
		496143C325F7B345008725F0 /* Frameworks */ = {
			isa = PBXFrameworksBuildPhase;
			buildActionMask = 2147483647;
			files = (
				72598382F41E59823E50DF02 /* Pods_FintooApp.framework in Frameworks */,
			);
			runOnlyForDeploymentPostprocessing = 0;
		};
		496143D925F7B349008725F0 /* Frameworks */ = {
			isa = PBXFrameworksBuildPhase;
			buildActionMask = 2147483647;
			files = (
				305E2774F49A087024768A08 /* Pods_FintooAppTests.framework in Frameworks */,
			);
			runOnlyForDeploymentPostprocessing = 0;
		};
		496143E425F7B349008725F0 /* Frameworks */ = {
			isa = PBXFrameworksBuildPhase;
			buildActionMask = 2147483647;
			files = (
				B86FBA9587CA249AA0346D83 /* Pods_FintooApp_FintooAppUITests.framework in Frameworks */,
			);
			runOnlyForDeploymentPostprocessing = 0;
		};
/* End PBXFrameworksBuildPhase section */

/* Begin PBXGroup section */
		044DF19FE6246B7B2187AF0E /* Pods */ = {
			isa = PBXGroup;
			children = (
				A1BA2EE30E02D4617E0B7449 /* Pods-FintooApp.debug.xcconfig */,
				D9926310D35112E0B16E7348 /* Pods-FintooApp.release.xcconfig */,
				1F6A748F0EE46EC91E441C60 /* Pods-FintooApp-FintooAppUITests.debug.xcconfig */,
				1FB82D0B37E411DBA4E8780D /* Pods-FintooApp-FintooAppUITests.release.xcconfig */,
				3A3F344761F7D9F1B7B095C0 /* Pods-FintooAppTests.debug.xcconfig */,
				52E41356E0AD95AED5B17728 /* Pods-FintooAppTests.release.xcconfig */,
			);
			path = Pods;
			sourceTree = "<group>";
		};
		496143BD25F7B345008725F0 = {
			isa = PBXGroup;
			children = (
				496143C825F7B345008725F0 /* FintooApp */,
				496143DF25F7B349008725F0 /* FintooAppTests */,
				496143EA25F7B349008725F0 /* FintooAppUITests */,
				496143C725F7B345008725F0 /* Products */,
				044DF19FE6246B7B2187AF0E /* Pods */,
				F8CCA3A2843F6254E6044FA4 /* Frameworks */,
			);
			sourceTree = "<group>";
		};
		496143C725F7B345008725F0 /* Products */ = {
			isa = PBXGroup;
			children = (
				496143C625F7B345008725F0 /* FintooApp.app */,
				496143DC25F7B349008725F0 /* FintooAppTests.xctest */,
				496143E725F7B349008725F0 /* FintooAppUITests.xctest */,
			);
			name = Products;
			sourceTree = "<group>";
		};
		496143C825F7B345008725F0 /* FintooApp */ = {
			isa = PBXGroup;
			children = (
				496143C925F7B345008725F0 /* AppDelegate.swift */,
				496143CB25F7B345008725F0 /* SceneDelegate.swift */,
				4961443525F7C97D008725F0 /* DashboardVC.swift */,
				4961444925F7CACA008725F0 /* SettingVC.swift */,
				4961444E25F7CAD6008725F0 /* ProfileVC.swift */,
				4961443D25F7CA48008725F0 /* CustomTabBarVC.swift */,
				496143D225F7B349008725F0 /* Assets.xcassets */,
				4961441325F7B6C3008725F0 /* Main.storyboard */,
				496143D425F7B349008725F0 /* LaunchScreen.storyboard */,
				496143D725F7B349008725F0 /* Info.plist */,
			);
			path = FintooApp;
			sourceTree = "<group>";
		};
		496143DF25F7B349008725F0 /* FintooAppTests */ = {
			isa = PBXGroup;
			children = (
				496143E025F7B349008725F0 /* FintooAppTests.swift */,
				496143E225F7B349008725F0 /* Info.plist */,
			);
			path = FintooAppTests;
			sourceTree = "<group>";
		};
		496143EA25F7B349008725F0 /* FintooAppUITests */ = {
			isa = PBXGroup;
			children = (
				496143EB25F7B349008725F0 /* FintooAppUITests.swift */,
				496143ED25F7B349008725F0 /* Info.plist */,
			);
			path = FintooAppUITests;
			sourceTree = "<group>";
		};
		F8CCA3A2843F6254E6044FA4 /* Frameworks */ = {
			isa = PBXGroup;
			children = (
				E398119EDE4480D41D93A4D7 /* Pods_FintooApp.framework */,
				EB2FB158AD982A82CB30EE40 /* Pods_FintooApp_FintooAppUITests.framework */,
				71D8EC3122F82C1D83318FB0 /* Pods_FintooAppTests.framework */,
			);
			name = Frameworks;
			sourceTree = "<group>";
		};
/* End PBXGroup section */

/* Begin PBXNativeTarget section */
		496143C525F7B345008725F0 /* FintooApp */ = {
			isa = PBXNativeTarget;
			buildConfigurationList = 496143F025F7B349008725F0 /* Build configuration list for PBXNativeTarget "FintooApp" */;
			buildPhases = (
				B3A90D371F2E77D5CF66DAA7 /* [CP] Check Pods Manifest.lock */,
				496143C225F7B345008725F0 /* Sources */,
				496143C325F7B345008725F0 /* Frameworks */,
				496143C425F7B345008725F0 /* Resources */,
				7EA309F82912743000C0BF83 /* [CP] Embed Pods Frameworks */,
			);
			buildRules = (
			);
			dependencies = (
			);
			name = FintooApp;
			productName = FintooApp;
			productReference = 496143C625F7B345008725F0 /* FintooApp.app */;
			productType = "com.apple.product-type.application";
		};
		496143DB25F7B349008725F0 /* FintooAppTests */ = {
			isa = PBXNativeTarget;
			buildConfigurationList = 496143F325F7B349008725F0 /* Build configuration list for PBXNativeTarget "FintooAppTests" */;
			buildPhases = (
				71A0D24F23AD943613FB94D2 /* [CP] Check Pods Manifest.lock */,
				496143D825F7B349008725F0 /* Sources */,
				496143D925F7B349008725F0 /* Frameworks */,
				496143DA25F7B349008725F0 /* Resources */,
			);
			buildRules = (
			);
			dependencies = (
				496143DE25F7B349008725F0 /* PBXTargetDependency */,
			);
			name = FintooAppTests;
			productName = FintooAppTests;
			productReference = 496143DC25F7B349008725F0 /* FintooAppTests.xctest */;
			productType = "com.apple.product-type.bundle.unit-test";
		};
		496143E625F7B349008725F0 /* FintooAppUITests */ = {
			isa = PBXNativeTarget;
			buildConfigurationList = 496143F625F7B349008725F0 /* Build configuration list for PBXNativeTarget "FintooAppUITests" */;
			buildPhases = (
				3F8F90B729BCD1E4E49A0F3F /* [CP] Check Pods Manifest.lock */,
				496143E325F7B349008725F0 /* Sources */,
				496143E425F7B349008725F0 /* Frameworks */,
				496143E525F7B349008725F0 /* Resources */,
				8E986FEEB5DBE5012B0FB370 /* [CP] Embed Pods Frameworks */,
			);
			buildRules = (
			);
			dependencies = (
				496143E925F7B349008725F0 /* PBXTargetDependency */,
			);
			name = FintooAppUITests;
			productName = FintooAppUITests;
			productReference = 496143E725F7B349008725F0 /* FintooAppUITests.xctest */;
			productType = "com.apple.product-type.bundle.ui-testing";
		};
/* End PBXNativeTarget section */

/* Begin PBXProject section */
		496143BE25F7B345008725F0 /* Project object */ = {
			isa = PBXProject;
			attributes = {
				LastSwiftUpdateCheck = 1230;
				LastUpgradeCheck = 1230;
				TargetAttributes = {
					496143C525F7B345008725F0 = {
						CreatedOnToolsVersion = 12.3;
					};
					496143DB25F7B349008725F0 = {
						CreatedOnToolsVersion = 12.3;
						TestTargetID = 496143C525F7B345008725F0;
					};
					496143E625F7B349008725F0 = {
						CreatedOnToolsVersion = 12.3;
						TestTargetID = 496143C525F7B345008725F0;
					};
				};
			};
			buildConfigurationList = 496143C125F7B345008725F0 /* Build configuration list for PBXProject "FintooApp" */;
			compatibilityVersion = "Xcode 9.3";
			developmentRegion = en;
			hasScannedForEncodings = 0;
			knownRegions = (
				en,
				Base,
			);
			mainGroup = 496143BD25F7B345008725F0;
			productRefGroup = 496143C725F7B345008725F0 /* Products */;
			projectDirPath = "";
			projectRoot = "";
			targets = (
				496143C525F7B345008725F0 /* FintooApp */,
				496143DB25F7B349008725F0 /* FintooAppTests */,
				496143E625F7B349008725F0 /* FintooAppUITests */,
			);
		};
/* End PBXProject section */

/* Begin PBXResourcesBuildPhase section */
		496143C425F7B345008725F0 /* Resources */ = {
			isa = PBXResourcesBuildPhase;
			buildActionMask = 2147483647;
			files = (
				4961441425F7B6C3008725F0 /* Main.storyboard in Resources */,
				496143D625F7B349008725F0 /* LaunchScreen.storyboard in Resources */,
				496143D325F7B349008725F0 /* Assets.xcassets in Resources */,
			);
			runOnlyForDeploymentPostprocessing = 0;
		};
		496143DA25F7B349008725F0 /* Resources */ = {
			isa = PBXResourcesBuildPhase;
			buildActionMask = 2147483647;
			files = (
			);
			runOnlyForDeploymentPostprocessing = 0;
		};
		496143E525F7B349008725F0 /* Resources */ = {
			isa = PBXResourcesBuildPhase;
			buildActionMask = 2147483647;
			files = (
			);
			runOnlyForDeploymentPostprocessing = 0;
		};
/* End PBXResourcesBuildPhase section */

/* Begin PBXShellScriptBuildPhase section */
		3F8F90B729BCD1E4E49A0F3F /* [CP] Check Pods Manifest.lock */ = {
			isa = PBXShellScriptBuildPhase;
			buildActionMask = 2147483647;
			files = (
			);
			inputFileListPaths = (
			);
			inputPaths = (
				"${PODS_PODFILE_DIR_PATH}/Podfile.lock",
				"${PODS_ROOT}/Manifest.lock",
			);
			name = "[CP] Check Pods Manifest.lock";
			outputFileListPaths = (
			);
			outputPaths = (
				"$(DERIVED_FILE_DIR)/Pods-FintooApp-FintooAppUITests-checkManifestLockResult.txt",
			);
			runOnlyForDeploymentPostprocessing = 0;
			shellPath = /bin/sh;
			shellScript = "diff \"${PODS_PODFILE_DIR_PATH}/Podfile.lock\" \"${PODS_ROOT}/Manifest.lock\" > /dev/null\nif [ $? != 0 ] ; then\n    # print error to STDERR\n    echo \"error: The sandbox is not in sync with the Podfile.lock. Run 'pod install' or update your CocoaPods installation.\" >&2\n    exit 1\nfi\n# This output is used by Xcode 'outputs' to avoid re-running this script phase.\necho \"SUCCESS\" > \"${SCRIPT_OUTPUT_FILE_0}\"\n";
			showEnvVarsInLog = 0;
		};
		71A0D24F23AD943613FB94D2 /* [CP] Check Pods Manifest.lock */ = {
			isa = PBXShellScriptBuildPhase;
			buildActionMask = 2147483647;
			files = (
			);
			inputFileListPaths = (
			);
			inputPaths = (
				"${PODS_PODFILE_DIR_PATH}/Podfile.lock",
				"${PODS_ROOT}/Manifest.lock",
			);
			name = "[CP] Check Pods Manifest.lock";
			outputFileListPaths = (
			);
			outputPaths = (
				"$(DERIVED_FILE_DIR)/Pods-FintooAppTests-checkManifestLockResult.txt",
			);
			runOnlyForDeploymentPostprocessing = 0;
			shellPath = /bin/sh;
			shellScript = "diff \"${PODS_PODFILE_DIR_PATH}/Podfile.lock\" \"${PODS_ROOT}/Manifest.lock\" > /dev/null\nif [ $? != 0 ] ; then\n    # print error to STDERR\n    echo \"error: The sandbox is not in sync with the Podfile.lock. Run 'pod install' or update your CocoaPods installation.\" >&2\n    exit 1\nfi\n# This output is used by Xcode 'outputs' to avoid re-running this script phase.\necho \"SUCCESS\" > \"${SCRIPT_OUTPUT_FILE_0}\"\n";
			showEnvVarsInLog = 0;
		};
		7EA309F82912743000C0BF83 /* [CP] Embed Pods Frameworks */ = {
			isa = PBXShellScriptBuildPhase;
			buildActionMask = 2147483647;
			files = (
			);
			inputFileListPaths = (
				"${PODS_ROOT}/Target Support Files/Pods-FintooApp/Pods-FintooApp-frameworks-${CONFIGURATION}-input-files.xcfilelist",
			);
			name = "[CP] Embed Pods Frameworks";
			outputFileListPaths = (
				"${PODS_ROOT}/Target Support Files/Pods-FintooApp/Pods-FintooApp-frameworks-${CONFIGURATION}-output-files.xcfilelist",
			);
			runOnlyForDeploymentPostprocessing = 0;
			shellPath = /bin/sh;
			shellScript = "\"${PODS_ROOT}/Target Support Files/Pods-FintooApp/Pods-FintooApp-frameworks.sh\"\n";
			showEnvVarsInLog = 0;
		};
		8E986FEEB5DBE5012B0FB370 /* [CP] Embed Pods Frameworks */ = {
			isa = PBXShellScriptBuildPhase;
			buildActionMask = 2147483647;
			files = (
			);
			inputFileListPaths = (
				"${PODS_ROOT}/Target Support Files/Pods-FintooApp-FintooAppUITests/Pods-FintooApp-FintooAppUITests-frameworks-${CONFIGURATION}-input-files.xcfilelist",
			);
			name = "[CP] Embed Pods Frameworks";
			outputFileListPaths = (
				"${PODS_ROOT}/Target Support Files/Pods-FintooApp-FintooAppUITests/Pods-FintooApp-FintooAppUITests-frameworks-${CONFIGURATION}-output-files.xcfilelist",
			);
			runOnlyForDeploymentPostprocessing = 0;
			shellPath = /bin/sh;
			shellScript = "\"${PODS_ROOT}/Target Support Files/Pods-FintooApp-FintooAppUITests/Pods-FintooApp-FintooAppUITests-frameworks.sh\"\n";
			showEnvVarsInLog = 0;
		};
		B3A90D371F2E77D5CF66DAA7 /* [CP] Check Pods Manifest.lock */ = {
			isa = PBXShellScriptBuildPhase;
			buildActionMask = 2147483647;
			files = (
			);
			inputFileListPaths = (
			);
			inputPaths = (
				"${PODS_PODFILE_DIR_PATH}/Podfile.lock",
				"${PODS_ROOT}/Manifest.lock",
			);
			name = "[CP] Check Pods Manifest.lock";
			outputFileListPaths = (
			);
			outputPaths = (
				"$(DERIVED_FILE_DIR)/Pods-FintooApp-checkManifestLockResult.txt",
			);
			runOnlyForDeploymentPostprocessing = 0;
			shellPath = /bin/sh;
			shellScript = "diff \"${PODS_PODFILE_DIR_PATH}/Podfile.lock\" \"${PODS_ROOT}/Manifest.lock\" > /dev/null\nif [ $? != 0 ] ; then\n    # print error to STDERR\n    echo \"error: The sandbox is not in sync with the Podfile.lock. Run 'pod install' or update your CocoaPods installation.\" >&2\n    exit 1\nfi\n# This output is used by Xcode 'outputs' to avoid re-running this script phase.\necho \"SUCCESS\" > \"${SCRIPT_OUTPUT_FILE_0}\"\n";
			showEnvVarsInLog = 0;
		};
/* End PBXShellScriptBuildPhase section */

/* Begin PBXSourcesBuildPhase section */
		496143C225F7B345008725F0 /* Sources */ = {
			isa = PBXSourcesBuildPhase;
			buildActionMask = 2147483647;
			files = (
				4961444F25F7CAD6008725F0 /* ProfileVC.swift in Sources */,
				4961443E25F7CA48008725F0 /* CustomTabBarVC.swift in Sources */,
				496143CA25F7B345008725F0 /* AppDelegate.swift in Sources */,
				4961444A25F7CACA008725F0 /* SettingVC.swift in Sources */,
				4961443625F7C97D008725F0 /* DashboardVC.swift in Sources */,
				496143CC25F7B345008725F0 /* SceneDelegate.swift in Sources */,
			);
			runOnlyForDeploymentPostprocessing = 0;
		};
		496143D825F7B349008725F0 /* Sources */ = {
			isa = PBXSourcesBuildPhase;
			buildActionMask = 2147483647;
			files = (
				496143E125F7B349008725F0 /* FintooAppTests.swift in Sources */,
			);
			runOnlyForDeploymentPostprocessing = 0;
		};
		496143E325F7B349008725F0 /* Sources */ = {
			isa = PBXSourcesBuildPhase;
			buildActionMask = 2147483647;
			files = (
				496143EC25F7B349008725F0 /* FintooAppUITests.swift in Sources */,
			);
			runOnlyForDeploymentPostprocessing = 0;
		};
/* End PBXSourcesBuildPhase section */

/* Begin PBXTargetDependency section */
		496143DE25F7B349008725F0 /* PBXTargetDependency */ = {
			isa = PBXTargetDependency;
			target = 496143C525F7B345008725F0 /* FintooApp */;
			targetProxy = 496143DD25F7B349008725F0 /* PBXContainerItemProxy */;
		};
		496143E925F7B349008725F0 /* PBXTargetDependency */ = {
			isa = PBXTargetDependency;
			target = 496143C525F7B345008725F0 /* FintooApp */;
			targetProxy = 496143E825F7B349008725F0 /* PBXContainerItemProxy */;
		};
/* End PBXTargetDependency section */

/* Begin PBXVariantGroup section */
		496143D425F7B349008725F0 /* LaunchScreen.storyboard */ = {
			isa = PBXVariantGroup;
			children = (
				496143D525F7B349008725F0 /* Base */,
			);
			name = LaunchScreen.storyboard;
			sourceTree = "<group>";
		};
/* End PBXVariantGroup section */

/* Begin XCBuildConfiguration section */
		496143EE25F7B349008725F0 /* Debug */ = {
			isa = XCBuildConfiguration;
			buildSettings = {
				ALWAYS_SEARCH_USER_PATHS = NO;
				CLANG_ANALYZER_NONNULL = YES;
				CLANG_ANALYZER_NUMBER_OBJECT_CONVERSION = YES_AGGRESSIVE;
				CLANG_CXX_LANGUAGE_STANDARD = "gnu++14";
				CLANG_CXX_LIBRARY = "libc++";
				CLANG_ENABLE_MODULES = YES;
				CLANG_ENABLE_OBJC_ARC = YES;
				CLANG_ENABLE_OBJC_WEAK = YES;
				CLANG_WARN_BLOCK_CAPTURE_AUTORELEASING = YES;
				CLANG_WARN_BOOL_CONVERSION = YES;
				CLANG_WARN_COMMA = YES;
				CLANG_WARN_CONSTANT_CONVERSION = YES;
				CLANG_WARN_DEPRECATED_OBJC_IMPLEMENTATIONS = YES;
				CLANG_WARN_DIRECT_OBJC_ISA_USAGE = YES_ERROR;
				CLANG_WARN_DOCUMENTATION_COMMENTS = YES;
				CLANG_WARN_EMPTY_BODY = YES;
				CLANG_WARN_ENUM_CONVERSION = YES;
				CLANG_WARN_INFINITE_RECURSION = YES;
				CLANG_WARN_INT_CONVERSION = YES;
				CLANG_WARN_NON_LITERAL_NULL_CONVERSION = YES;
				CLANG_WARN_OBJC_IMPLICIT_RETAIN_SELF = YES;
				CLANG_WARN_OBJC_LITERAL_CONVERSION = YES;
				CLANG_WARN_OBJC_ROOT_CLASS = YES_ERROR;
				CLANG_WARN_QUOTED_INCLUDE_IN_FRAMEWORK_HEADER = YES;
				CLANG_WARN_RANGE_LOOP_ANALYSIS = YES;
				CLANG_WARN_STRICT_PROTOTYPES = YES;
				CLANG_WARN_SUSPICIOUS_MOVE = YES;
				CLANG_WARN_UNGUARDED_AVAILABILITY = YES_AGGRESSIVE;
				CLANG_WARN_UNREACHABLE_CODE = YES;
				CLANG_WARN__DUPLICATE_METHOD_MATCH = YES;
				COPY_PHASE_STRIP = NO;
				DEBUG_INFORMATION_FORMAT = dwarf;
				ENABLE_STRICT_OBJC_MSGSEND = YES;
				ENABLE_TESTABILITY = YES;
				GCC_C_LANGUAGE_STANDARD = gnu11;
				GCC_DYNAMIC_NO_PIC = NO;
				GCC_NO_COMMON_BLOCKS = YES;
				GCC_OPTIMIZATION_LEVEL = 0;
				GCC_PREPROCESSOR_DEFINITIONS = (
					"DEBUG=1",
					"$(inherited)",
				);
				GCC_WARN_64_TO_32_BIT_CONVERSION = YES;
				GCC_WARN_ABOUT_RETURN_TYPE = YES_ERROR;
				GCC_WARN_UNDECLARED_SELECTOR = YES;
				GCC_WARN_UNINITIALIZED_AUTOS = YES_AGGRESSIVE;
				GCC_WARN_UNUSED_FUNCTION = YES;
				GCC_WARN_UNUSED_VARIABLE = YES;
				IPHONEOS_DEPLOYMENT_TARGET = 14.3;
				MTL_ENABLE_DEBUG_INFO = INCLUDE_SOURCE;
				MTL_FAST_MATH = YES;
				ONLY_ACTIVE_ARCH = YES;
				SDKROOT = iphoneos;
				SWIFT_ACTIVE_COMPILATION_CONDITIONS = DEBUG;
				SWIFT_OPTIMIZATION_LEVEL = "-Onone";
			};
			name = Debug;
		};
		496143EF25F7B349008725F0 /* Release */ = {
			isa = XCBuildConfiguration;
			buildSettings = {
				ALWAYS_SEARCH_USER_PATHS = NO;
				CLANG_ANALYZER_NONNULL = YES;
				CLANG_ANALYZER_NUMBER_OBJECT_CONVERSION = YES_AGGRESSIVE;
				CLANG_CXX_LANGUAGE_STANDARD = "gnu++14";
				CLANG_CXX_LIBRARY = "libc++";
				CLANG_ENABLE_MODULES = YES;
				CLANG_ENABLE_OBJC_ARC = YES;
				CLANG_ENABLE_OBJC_WEAK = YES;
				CLANG_WARN_BLOCK_CAPTURE_AUTORELEASING = YES;
				CLANG_WARN_BOOL_CONVERSION = YES;
				CLANG_WARN_COMMA = YES;
				CLANG_WARN_CONSTANT_CONVERSION = YES;
				CLANG_WARN_DEPRECATED_OBJC_IMPLEMENTATIONS = YES;
				CLANG_WARN_DIRECT_OBJC_ISA_USAGE = YES_ERROR;
				CLANG_WARN_DOCUMENTATION_COMMENTS = YES;
				CLANG_WARN_EMPTY_BODY = YES;
				CLANG_WARN_ENUM_CONVERSION = YES;
				CLANG_WARN_INFINITE_RECURSION = YES;
				CLANG_WARN_INT_CONVERSION = YES;
				CLANG_WARN_NON_LITERAL_NULL_CONVERSION = YES;
				CLANG_WARN_OBJC_IMPLICIT_RETAIN_SELF = YES;
				CLANG_WARN_OBJC_LITERAL_CONVERSION = YES;
				CLANG_WARN_OBJC_ROOT_CLASS = YES_ERROR;
				CLANG_WARN_QUOTED_INCLUDE_IN_FRAMEWORK_HEADER = YES;
				CLANG_WARN_RANGE_LOOP_ANALYSIS = YES;
				CLANG_WARN_STRICT_PROTOTYPES = YES;
				CLANG_WARN_SUSPICIOUS_MOVE = YES;
				CLANG_WARN_UNGUARDED_AVAILABILITY = YES_AGGRESSIVE;
				CLANG_WARN_UNREACHABLE_CODE = YES;
				CLANG_WARN__DUPLICATE_METHOD_MATCH = YES;
				COPY_PHASE_STRIP = NO;
				DEBUG_INFORMATION_FORMAT = "dwarf-with-dsym";
				ENABLE_NS_ASSERTIONS = NO;
				ENABLE_STRICT_OBJC_MSGSEND = YES;
				GCC_C_LANGUAGE_STANDARD = gnu11;
				GCC_NO_COMMON_BLOCKS = YES;
				GCC_WARN_64_TO_32_BIT_CONVERSION = YES;
				GCC_WARN_ABOUT_RETURN_TYPE = YES_ERROR;
				GCC_WARN_UNDECLARED_SELECTOR = YES;
				GCC_WARN_UNINITIALIZED_AUTOS = YES_AGGRESSIVE;
				GCC_WARN_UNUSED_FUNCTION = YES;
				GCC_WARN_UNUSED_VARIABLE = YES;
				IPHONEOS_DEPLOYMENT_TARGET = 14.3;
				MTL_ENABLE_DEBUG_INFO = NO;
				MTL_FAST_MATH = YES;
				SDKROOT = iphoneos;
				SWIFT_COMPILATION_MODE = wholemodule;
				SWIFT_OPTIMIZATION_LEVEL = "-O";
				VALIDATE_PRODUCT = YES;
			};
			name = Release;
		};
		496143F125F7B349008725F0 /* Debug */ = {
			isa = XCBuildConfiguration;
			baseConfigurationReference = A1BA2EE30E02D4617E0B7449 /* Pods-FintooApp.debug.xcconfig */;
			buildSettings = {
				ASSETCATALOG_COMPILER_APPICON_NAME = AppIcon;
				ASSETCATALOG_COMPILER_GLOBAL_ACCENT_COLOR_NAME = AccentColor;
				CODE_SIGN_STYLE = Automatic;
				DEVELOPMENT_TEAM = QP9MX3J7UD;
				INFOPLIST_FILE = FintooApp/Info.plist;
				LD_RUNPATH_SEARCH_PATHS = (
					"$(inherited)",
					"@executable_path/Frameworks",
				);
				PRODUCT_BUNDLE_IDENTIFIER = com.vivek.FintooApp;
				PRODUCT_NAME = "$(TARGET_NAME)";
				SWIFT_VERSION = 5.0;
				TARGETED_DEVICE_FAMILY = "1,2";
			};
			name = Debug;
		};
		496143F225F7B349008725F0 /* Release */ = {
			isa = XCBuildConfiguration;
			baseConfigurationReference = D9926310D35112E0B16E7348 /* Pods-FintooApp.release.xcconfig */;
			buildSettings = {
				ASSETCATALOG_COMPILER_APPICON_NAME = AppIcon;
				ASSETCATALOG_COMPILER_GLOBAL_ACCENT_COLOR_NAME = AccentColor;
				CODE_SIGN_STYLE = Automatic;
				DEVELOPMENT_TEAM = QP9MX3J7UD;
				INFOPLIST_FILE = FintooApp/Info.plist;
				LD_RUNPATH_SEARCH_PATHS = (
					"$(inherited)",
					"@executable_path/Frameworks",
				);
				PRODUCT_BUNDLE_IDENTIFIER = com.vivek.FintooApp;
				PRODUCT_NAME = "$(TARGET_NAME)";
				SWIFT_VERSION = 5.0;
				TARGETED_DEVICE_FAMILY = "1,2";
			};
			name = Release;
		};
		496143F425F7B349008725F0 /* Debug */ = {
			isa = XCBuildConfiguration;
			baseConfigurationReference = 3A3F344761F7D9F1B7B095C0 /* Pods-FintooAppTests.debug.xcconfig */;
			buildSettings = {
				ALWAYS_EMBED_SWIFT_STANDARD_LIBRARIES = YES;
				BUNDLE_LOADER = "$(TEST_HOST)";
				CODE_SIGN_STYLE = Automatic;
				DEVELOPMENT_TEAM = QP9MX3J7UD;
				INFOPLIST_FILE = FintooAppTests/Info.plist;
				IPHONEOS_DEPLOYMENT_TARGET = 14.3;
				LD_RUNPATH_SEARCH_PATHS = (
					"$(inherited)",
					"@executable_path/Frameworks",
					"@loader_path/Frameworks",
				);
				PRODUCT_BUNDLE_IDENTIFIER = com.vivek.FintooAppTests;
				PRODUCT_NAME = "$(TARGET_NAME)";
				SWIFT_VERSION = 5.0;
				TARGETED_DEVICE_FAMILY = "1,2";
				TEST_HOST = "$(BUILT_PRODUCTS_DIR)/FintooApp.app/FintooApp";
			};
			name = Debug;
		};
		496143F525F7B349008725F0 /* Release */ = {
			isa = XCBuildConfiguration;
			baseConfigurationReference = 52E41356E0AD95AED5B17728 /* Pods-FintooAppTests.release.xcconfig */;
			buildSettings = {
				ALWAYS_EMBED_SWIFT_STANDARD_LIBRARIES = YES;
				BUNDLE_LOADER = "$(TEST_HOST)";
				CODE_SIGN_STYLE = Automatic;
				DEVELOPMENT_TEAM = QP9MX3J7UD;
				INFOPLIST_FILE = FintooAppTests/Info.plist;
				IPHONEOS_DEPLOYMENT_TARGET = 14.3;
				LD_RUNPATH_SEARCH_PATHS = (
					"$(inherited)",
					"@executable_path/Frameworks",
					"@loader_path/Frameworks",
				);
				PRODUCT_BUNDLE_IDENTIFIER = com.vivek.FintooAppTests;
				PRODUCT_NAME = "$(TARGET_NAME)";
				SWIFT_VERSION = 5.0;
				TARGETED_DEVICE_FAMILY = "1,2";
				TEST_HOST = "$(BUILT_PRODUCTS_DIR)/FintooApp.app/FintooApp";
			};
			name = Release;
		};
		496143F725F7B349008725F0 /* Debug */ = {
			isa = XCBuildConfiguration;
			baseConfigurationReference = 1F6A748F0EE46EC91E441C60 /* Pods-FintooApp-FintooAppUITests.debug.xcconfig */;
			buildSettings = {
				ALWAYS_EMBED_SWIFT_STANDARD_LIBRARIES = YES;
				CODE_SIGN_STYLE = Automatic;
				DEVELOPMENT_TEAM = QP9MX3J7UD;
				INFOPLIST_FILE = FintooAppUITests/Info.plist;
				LD_RUNPATH_SEARCH_PATHS = (
					"$(inherited)",
					"@executable_path/Frameworks",
					"@loader_path/Frameworks",
				);
				PRODUCT_BUNDLE_IDENTIFIER = com.vivek.FintooAppUITests;
				PRODUCT_NAME = "$(TARGET_NAME)";
				SWIFT_VERSION = 5.0;
				TARGETED_DEVICE_FAMILY = "1,2";
				TEST_TARGET_NAME = FintooApp;
			};
			name = Debug;
		};
		496143F825F7B349008725F0 /* Release */ = {
			isa = XCBuildConfiguration;
			baseConfigurationReference = 1FB82D0B37E411DBA4E8780D /* Pods-FintooApp-FintooAppUITests.release.xcconfig */;
			buildSettings = {
				ALWAYS_EMBED_SWIFT_STANDARD_LIBRARIES = YES;
				CODE_SIGN_STYLE = Automatic;
				DEVELOPMENT_TEAM = QP9MX3J7UD;
				INFOPLIST_FILE = FintooAppUITests/Info.plist;
				LD_RUNPATH_SEARCH_PATHS = (
					"$(inherited)",
					"@executable_path/Frameworks",
					"@loader_path/Frameworks",
				);
				PRODUCT_BUNDLE_IDENTIFIER = com.vivek.FintooAppUITests;
				PRODUCT_NAME = "$(TARGET_NAME)";
				SWIFT_VERSION = 5.0;
				TARGETED_DEVICE_FAMILY = "1,2";
				TEST_TARGET_NAME = FintooApp;
			};
			name = Release;
		};
/* End XCBuildConfiguration section */

/* Begin XCConfigurationList section */
		496143C125F7B345008725F0 /* Build configuration list for PBXProject "FintooApp" */ = {
			isa = XCConfigurationList;
			buildConfigurations = (
				496143EE25F7B349008725F0 /* Debug */,
				496143EF25F7B349008725F0 /* Release */,
			);
			defaultConfigurationIsVisible = 0;
			defaultConfigurationName = Release;
		};
		496143F025F7B349008725F0 /* Build configuration list for PBXNativeTarget "FintooApp" */ = {
			isa = XCConfigurationList;
			buildConfigurations = (
				496143F125F7B349008725F0 /* Debug */,
				496143F225F7B349008725F0 /* Release */,
			);
			defaultConfigurationIsVisible = 0;
			defaultConfigurationName = Release;
		};
		496143F325F7B349008725F0 /* Build configuration list for PBXNativeTarget "FintooAppTests" */ = {
			isa = XCConfigurationList;
			buildConfigurations = (
				496143F425F7B349008725F0 /* Debug */,
				496143F525F7B349008725F0 /* Release */,
			);
			defaultConfigurationIsVisible = 0;
			defaultConfigurationName = Release;
		};
		496143F625F7B349008725F0 /* Build configuration list for PBXNativeTarget "FintooAppUITests" */ = {
			isa = XCConfigurationList;
			buildConfigurations = (
				496143F725F7B349008725F0 /* Debug */,
				496143F825F7B349008725F0 /* Release */,
			);
			defaultConfigurationIsVisible = 0;
			defaultConfigurationName = Release;
		};
/* End XCConfigurationList section */
	};
	rootObject = 496143BE25F7B345008725F0 /* Project object */;
}
